// !$*UTF8*$!
{
	archiveVersion = 1;
	classes = {
	};
	objectVersion = 45;
	objects = {

/* Begin PBXBuildFile section */
		8DD76FAC0486AB0100D96B5E /* main.c in Sources */ = {isa = PBXBuildFile; fileRef = 08FB7796FE84155DC02AAC07 /* main.c */; settings = {ATTRIBUTES = (); }; };
		8DD76FB00486AB0100D96B5E /* SMCP.1 in CopyFiles */ = {isa = PBXBuildFile; fileRef = C6A0FF2C0290799A04C91782 /* SMCP.1 */; };
		A6078D32122DAC2F0034291D /* smcp_pairing.c in Sources */ = {isa = PBXBuildFile; fileRef = A6078D31122DAC2F0034291D /* smcp_pairing.c */; };
		A6078D35122DAC3F0034291D /* smcp_node.c in Sources */ = {isa = PBXBuildFile; fileRef = A6078D34122DAC3F0034291D /* smcp_node.c */; };
		A60E57F2116DBA7000F90E64 /* smcp.c in Sources */ = {isa = PBXBuildFile; fileRef = A60E57F1116DBA7000F90E64 /* smcp.c */; };
		A63B1EBA125FC4E900BF2543 /* libreadline.dylib in Frameworks */ = {isa = PBXBuildFile; fileRef = A63B1EB9125FC4E900BF2543 /* libreadline.dylib */; settings = {ATTRIBUTES = (Weak, ); }; };
		A6601206125D17EB00B06DF7 /* url-helpers.c in Sources */ = {isa = PBXBuildFile; fileRef = A6601205125D17EB00B06DF7 /* url-helpers.c */; };
		A660F1841175049C005178EC /* btree.c in Sources */ = {isa = PBXBuildFile; fileRef = A660F1831175049C005178EC /* btree.c */; };
		A66F2DB2125C05D900CDDAF0 /* cmd_pair.c in Sources */ = {isa = PBXBuildFile; fileRef = A66F2D86125C05D800CDDAF0 /* cmd_pair.c */; };
		A6BDBA8F124186B1003FB4AD /* cmd_get.c in Sources */ = {isa = PBXBuildFile; fileRef = A6BDBA8E124186B1003FB4AD /* cmd_get.c */; };
		A6BDBAC112418A09003FB4AD /* cmd_post.c in Sources */ = {isa = PBXBuildFile; fileRef = A6BDBAC012418A09003FB4AD /* cmd_post.c */; };
		A6C4EA101263DA6600E75D94 /* coap.c in Sources */ = {isa = PBXBuildFile; fileRef = A6C4EA0F1263DA6600E75D94 /* coap.c */; };
		A6C6C47A121B2CF500CAB3A3 /* help.c in Sources */ = {isa = PBXBuildFile; fileRef = A6C6C479121B2CF500CAB3A3 /* help.c */; };
		A6C6C4E9121B52C200CAB3A3 /* cmd_test.c in Sources */ = {isa = PBXBuildFile; fileRef = A6C6C4E8121B52C200CAB3A3 /* cmd_test.c */; };
		A6C6C4EC121B536F00CAB3A3 /* cmd_list.c in Sources */ = {isa = PBXBuildFile; fileRef = A6C6C4EB121B536F00CAB3A3 /* cmd_list.c */; };
/* End PBXBuildFile section */

/* Begin PBXCopyFilesBuildPhase section */
		8DD76FAF0486AB0100D96B5E /* CopyFiles */ = {
			isa = PBXCopyFilesBuildPhase;
			buildActionMask = 8;
			dstPath = /usr/share/man/man1/;
			dstSubfolderSpec = 0;
			files = (
				8DD76FB00486AB0100D96B5E /* SMCP.1 in CopyFiles */,
			);
			runOnlyForDeploymentPostprocessing = 1;
		};
/* End PBXCopyFilesBuildPhase section */

/* Begin PBXFileReference section */
		08FB7796FE84155DC02AAC07 /* main.c */ = {isa = PBXFileReference; fileEncoding = 4; lastKnownFileType = sourcecode.c.c; path = main.c; sourceTree = "<group>"; };
		8DD76FB20486AB0100D96B5E /* SMCP */ = {isa = PBXFileReference; explicitFileType = "compiled.mach-o.executable"; includeInIndex = 0; path = SMCP; sourceTree = BUILT_PRODUCTS_DIR; };
		A6078D30122DAC2F0034291D /* smcp_pairing.h */ = {isa = PBXFileReference; fileEncoding = 4; lastKnownFileType = sourcecode.c.h; path = smcp_pairing.h; sourceTree = "<group>"; };
		A6078D31122DAC2F0034291D /* smcp_pairing.c */ = {isa = PBXFileReference; fileEncoding = 4; lastKnownFileType = sourcecode.c.c; path = smcp_pairing.c; sourceTree = "<group>"; };
		A6078D33122DAC3F0034291D /* smcp_node.h */ = {isa = PBXFileReference; fileEncoding = 4; lastKnownFileType = sourcecode.c.h; path = smcp_node.h; sourceTree = "<group>"; };
		A6078D34122DAC3F0034291D /* smcp_node.c */ = {isa = PBXFileReference; fileEncoding = 4; lastKnownFileType = sourcecode.c.c; path = smcp_node.c; sourceTree = "<group>"; };
		A6078D58122DB5540034291D /* assert_macros.h */ = {isa = PBXFileReference; fileEncoding = 4; lastKnownFileType = sourcecode.c.h; path = assert_macros.h; sourceTree = "<group>"; };
		A60E57F0116DBA7000F90E64 /* smcp.h */ = {isa = PBXFileReference; fileEncoding = 4; lastKnownFileType = sourcecode.c.h; path = smcp.h; sourceTree = "<group>"; };
		A60E57F1116DBA7000F90E64 /* smcp.c */ = {isa = PBXFileReference; fileEncoding = 4; lastKnownFileType = sourcecode.c.c; path = smcp.c; sourceTree = "<group>"; };
		A6257CAB1173ADE100C6177E /* btree.h */ = {isa = PBXFileReference; fileEncoding = 4; lastKnownFileType = sourcecode.c.h; path = btree.h; sourceTree = "<group>"; };
		A62E6950123E8B610048F877 /* smcp_logging.h */ = {isa = PBXFileReference; fileEncoding = 4; lastKnownFileType = sourcecode.c.h; path = smcp_logging.h; sourceTree = "<group>"; };
		A63B1EB9125FC4E900BF2543 /* libreadline.dylib */ = {isa = PBXFileReference; lastKnownFileType = "compiled.mach-o.dylib"; name = libreadline.dylib; path = usr/lib/libreadline.dylib; sourceTree = SDKROOT; };
		A6601204125D17EB00B06DF7 /* url-helpers.h */ = {isa = PBXFileReference; fileEncoding = 4; lastKnownFileType = sourcecode.c.h; path = "url-helpers.h"; sourceTree = "<group>"; };
		A6601205125D17EB00B06DF7 /* url-helpers.c */ = {isa = PBXFileReference; fileEncoding = 4; lastKnownFileType = sourcecode.c.c; path = "url-helpers.c"; sourceTree = "<group>"; };
		A660F1831175049C005178EC /* btree.c */ = {isa = PBXFileReference; fileEncoding = 4; lastKnownFileType = sourcecode.c.c; path = btree.c; sourceTree = "<group>"; };
		A66F2D86125C05D800CDDAF0 /* cmd_pair.c */ = {isa = PBXFileReference; fileEncoding = 4; lastKnownFileType = sourcecode.c.c; path = cmd_pair.c; sourceTree = "<group>"; };
		A66F2D87125C05D800CDDAF0 /* cmd_pair.h */ = {isa = PBXFileReference; fileEncoding = 4; lastKnownFileType = sourcecode.c.h; path = cmd_pair.h; sourceTree = "<group>"; };
		A6AFEB8012148C3700DC172A /* ll.h */ = {isa = PBXFileReference; fileEncoding = 4; lastKnownFileType = sourcecode.c.h; path = ll.h; sourceTree = "<group>"; };
		A6BDBA8D124186B1003FB4AD /* cmd_get.h */ = {isa = PBXFileReference; fileEncoding = 4; lastKnownFileType = sourcecode.c.h; path = cmd_get.h; sourceTree = "<group>"; };
		A6BDBA8E124186B1003FB4AD /* cmd_get.c */ = {isa = PBXFileReference; fileEncoding = 4; lastKnownFileType = sourcecode.c.c; path = cmd_get.c; sourceTree = "<group>"; };
		A6BDBABF12418A09003FB4AD /* cmd_post.h */ = {isa = PBXFileReference; fileEncoding = 4; lastKnownFileType = sourcecode.c.h; path = cmd_post.h; sourceTree = "<group>"; };
		A6BDBAC012418A09003FB4AD /* cmd_post.c */ = {isa = PBXFileReference; fileEncoding = 4; lastKnownFileType = sourcecode.c.c; path = cmd_post.c; sourceTree = "<group>"; };
		A6C4EA0E1263DA6600E75D94 /* coap.h */ = {isa = PBXFileReference; fileEncoding = 4; lastKnownFileType = sourcecode.c.h; path = coap.h; sourceTree = "<group>"; };
		A6C4EA0F1263DA6600E75D94 /* coap.c */ = {isa = PBXFileReference; fileEncoding = 4; lastKnownFileType = sourcecode.c.c; path = coap.c; sourceTree = "<group>"; };
		A6C6C478121B2CF500CAB3A3 /* help.h */ = {isa = PBXFileReference; fileEncoding = 4; lastKnownFileType = sourcecode.c.h; path = help.h; sourceTree = "<group>"; };
		A6C6C479121B2CF500CAB3A3 /* help.c */ = {isa = PBXFileReference; fileEncoding = 4; lastKnownFileType = sourcecode.c.c; path = help.c; sourceTree = "<group>"; };
		A6C6C4E7121B52C200CAB3A3 /* cmd_test.h */ = {isa = PBXFileReference; fileEncoding = 4; lastKnownFileType = sourcecode.c.h; path = cmd_test.h; sourceTree = "<group>"; };
		A6C6C4E8121B52C200CAB3A3 /* cmd_test.c */ = {isa = PBXFileReference; fileEncoding = 4; lastKnownFileType = sourcecode.c.c; path = cmd_test.c; sourceTree = "<group>"; };
		A6C6C4EA121B536F00CAB3A3 /* cmd_list.h */ = {isa = PBXFileReference; fileEncoding = 4; lastKnownFileType = sourcecode.c.h; path = cmd_list.h; sourceTree = "<group>"; };
		A6C6C4EB121B536F00CAB3A3 /* cmd_list.c */ = {isa = PBXFileReference; fileEncoding = 4; lastKnownFileType = sourcecode.c.c; path = cmd_list.c; sourceTree = "<group>"; };
		A6D20003123EE8D800DA5A12 /* smcp_helpers.h */ = {isa = PBXFileReference; fileEncoding = 4; lastKnownFileType = sourcecode.c.h; path = smcp_helpers.h; sourceTree = "<group>"; };
		C6A0FF2C0290799A04C91782 /* SMCP.1 */ = {isa = PBXFileReference; lastKnownFileType = text.man; path = SMCP.1; sourceTree = "<group>"; };
/* End PBXFileReference section */

/* Begin PBXFrameworksBuildPhase section */
		8DD76FAD0486AB0100D96B5E /* Frameworks */ = {
			isa = PBXFrameworksBuildPhase;
			buildActionMask = 2147483647;
			files = (
				A63B1EBA125FC4E900BF2543 /* libreadline.dylib in Frameworks */,
			);
			runOnlyForDeploymentPostprocessing = 0;
		};
/* End PBXFrameworksBuildPhase section */

/* Begin PBXGroup section */
		08FB7794FE84155DC02AAC07 /* SHAP */ = {
			isa = PBXGroup;
			children = (
				A6C6C483121B2EE200CAB3A3 /* Tool Source */,
				08FB7795FE84155DC02AAC07 /* Source */,
				C6A0FF2B0290797F04C91782 /* Documentation */,
				1AB674ADFE9D54B511CA2CBB /* Products */,
				A63B1EB9125FC4E900BF2543 /* libreadline.dylib */,
			);
			name = SHAP;
			sourceTree = "<group>";
		};
		08FB7795FE84155DC02AAC07 /* Source */ = {
			isa = PBXGroup;
			children = (
				A6C6C40E121AF50900CAB3A3 /* Utils */,
				A60E57F0116DBA7000F90E64 /* smcp.h */,
				A60E57F1116DBA7000F90E64 /* smcp.c */,
				A6078D30122DAC2F0034291D /* smcp_pairing.h */,
				A6078D31122DAC2F0034291D /* smcp_pairing.c */,
				A6078D33122DAC3F0034291D /* smcp_node.h */,
				A6078D34122DAC3F0034291D /* smcp_node.c */,
				A6078D58122DB5540034291D /* assert_macros.h */,
				A62E6950123E8B610048F877 /* smcp_logging.h */,
				A6C4EA0E1263DA6600E75D94 /* coap.h */,
				A6C4EA0F1263DA6600E75D94 /* coap.c */,
			);
			name = Source;
			sourceTree = "<group>";
		};
		1AB674ADFE9D54B511CA2CBB /* Products */ = {
			isa = PBXGroup;
			children = (
				8DD76FB20486AB0100D96B5E /* SMCP */,
			);
			name = Products;
			sourceTree = "<group>";
		};
		A6C6C40E121AF50900CAB3A3 /* Utils */ = {
			isa = PBXGroup;
			children = (
				A6601204125D17EB00B06DF7 /* url-helpers.h */,
				A6601205125D17EB00B06DF7 /* url-helpers.c */,
				A6257CAB1173ADE100C6177E /* btree.h */,
				A660F1831175049C005178EC /* btree.c */,
				A6AFEB8012148C3700DC172A /* ll.h */,
				A6D20003123EE8D800DA5A12 /* smcp_helpers.h */,
			);
			name = Utils;
			sourceTree = "<group>";
		};
		A6C6C483121B2EE200CAB3A3 /* Tool Source */ = {
			isa = PBXGroup;
			children = (
				08FB7796FE84155DC02AAC07 /* main.c */,
				A6C6C478121B2CF500CAB3A3 /* help.h */,
				A6C6C479121B2CF500CAB3A3 /* help.c */,
				A66F2D86125C05D800CDDAF0 /* cmd_pair.c */,
				A66F2D87125C05D800CDDAF0 /* cmd_pair.h */,
				A6BDBABF12418A09003FB4AD /* cmd_post.h */,
				A6BDBAC012418A09003FB4AD /* cmd_post.c */,
				A6BDBA8D124186B1003FB4AD /* cmd_get.h */,
				A6BDBA8E124186B1003FB4AD /* cmd_get.c */,
				A6C6C4E7121B52C200CAB3A3 /* cmd_test.h */,
				A6C6C4E8121B52C200CAB3A3 /* cmd_test.c */,
				A6C6C4EA121B536F00CAB3A3 /* cmd_list.h */,
				A6C6C4EB121B536F00CAB3A3 /* cmd_list.c */,
			);
			name = "Tool Source";
			sourceTree = "<group>";
		};
		C6A0FF2B0290797F04C91782 /* Documentation */ = {
			isa = PBXGroup;
			children = (
				C6A0FF2C0290799A04C91782 /* SMCP.1 */,
			);
			name = Documentation;
			sourceTree = "<group>";
		};
/* End PBXGroup section */

/* Begin PBXNativeTarget section */
		8DD76FA90486AB0100D96B5E /* SMCP */ = {
			isa = PBXNativeTarget;
			buildConfigurationList = 1DEB928508733DD80010E9CD /* Build configuration list for PBXNativeTarget "SMCP" */;
			buildPhases = (
				8DD76FAB0486AB0100D96B5E /* Sources */,
				8DD76FAD0486AB0100D96B5E /* Frameworks */,
				8DD76FAF0486AB0100D96B5E /* CopyFiles */,
			);
			buildRules = (
			);
			dependencies = (
			);
			name = SMCP;
			productInstallPath = "$(HOME)/bin";
			productName = SHAP;
			productReference = 8DD76FB20486AB0100D96B5E /* SMCP */;
			productType = "com.apple.product-type.tool";
		};
/* End PBXNativeTarget section */

/* Begin PBXProject section */
		08FB7793FE84155DC02AAC07 /* Project object */ = {
			isa = PBXProject;
			attributes = {
				ORGANIZATIONNAME = deepdarc;
			};
			buildConfigurationList = 1DEB928908733DD80010E9CD /* Build configuration list for PBXProject "SMCP" */;
			compatibilityVersion = "Xcode 3.1";
			developmentRegion = English;
			hasScannedForEncodings = 1;
			knownRegions = (
				English,
				Japanese,
				French,
				German,
			);
			mainGroup = 08FB7794FE84155DC02AAC07 /* SHAP */;
			projectDirPath = "";
			projectRoot = "";
			targets = (
				8DD76FA90486AB0100D96B5E /* SMCP */,
			);
		};
/* End PBXProject section */

/* Begin PBXSourcesBuildPhase section */
		8DD76FAB0486AB0100D96B5E /* Sources */ = {
			isa = PBXSourcesBuildPhase;
			buildActionMask = 2147483647;
			files = (
				8DD76FAC0486AB0100D96B5E /* main.c in Sources */,
				A60E57F2116DBA7000F90E64 /* smcp.c in Sources */,
				A660F1841175049C005178EC /* btree.c in Sources */,
				A6C6C47A121B2CF500CAB3A3 /* help.c in Sources */,
				A6C6C4E9121B52C200CAB3A3 /* cmd_test.c in Sources */,
				A6C6C4EC121B536F00CAB3A3 /* cmd_list.c in Sources */,
				A6078D32122DAC2F0034291D /* smcp_pairing.c in Sources */,
				A6078D35122DAC3F0034291D /* smcp_node.c in Sources */,
				A6BDBA8F124186B1003FB4AD /* cmd_get.c in Sources */,
				A6BDBAC112418A09003FB4AD /* cmd_post.c in Sources */,
				A66F2DB2125C05D900CDDAF0 /* cmd_pair.c in Sources */,
				A6601206125D17EB00B06DF7 /* url-helpers.c in Sources */,
				A6C4EA101263DA6600E75D94 /* coap.c in Sources */,
			);
			runOnlyForDeploymentPostprocessing = 0;
		};
/* End PBXSourcesBuildPhase section */

/* Begin XCBuildConfiguration section */
		1DEB928608733DD80010E9CD /* Debug */ = {
			isa = XCBuildConfiguration;
			buildSettings = {
				ALWAYS_SEARCH_USER_PATHS = NO;
				COPY_PHASE_STRIP = NO;
				GCC_DYNAMIC_NO_PIC = NO;
				GCC_ENABLE_FIX_AND_CONTINUE = YES;
				GCC_MODEL_TUNING = G5;
				GCC_OPTIMIZATION_LEVEL = 0;
				INSTALL_PATH = /usr/local/bin;
				PRODUCT_NAME = SMCP;
			};
			name = Debug;
		};
		1DEB928708733DD80010E9CD /* Release */ = {
			isa = XCBuildConfiguration;
			buildSettings = {
				ALWAYS_SEARCH_USER_PATHS = NO;
				DEBUG_INFORMATION_FORMAT = "dwarf-with-dsym";
				GCC_MODEL_TUNING = G5;
				INSTALL_PATH = /usr/local/bin;
				PRODUCT_NAME = SMCP;
			};
			name = Release;
		};
		1DEB928A08733DD80010E9CD /* Debug */ = {
			isa = XCBuildConfiguration;
			buildSettings = {
				ARCHS = "$(ARCHS_STANDARD_32_64_BIT)";
				GCC_C_LANGUAGE_STANDARD = gnu99;
				GCC_OPTIMIZATION_LEVEL = 0;
				GCC_WARN_ABOUT_RETURN_TYPE = YES;
				GCC_WARN_UNUSED_VARIABLE = YES;
				ONLY_ACTIVE_ARCH = YES;
				PREBINDING = NO;
				SDKROOT = macosx10.6;
			};
			name = Debug;
		};
		1DEB928B08733DD80010E9CD /* Release */ = {
			isa = XCBuildConfiguration;
			buildSettings = {
				ARCHS = "$(ARCHS_STANDARD_32_64_BIT)";
				GCC_C_LANGUAGE_STANDARD = gnu99;
				GCC_WARN_ABOUT_RETURN_TYPE = YES;
				GCC_WARN_UNUSED_VARIABLE = YES;
				PREBINDING = NO;
				SDKROOT = macosx10.6;
			};
			name = Release;
		};
/* End XCBuildConfiguration section */

/* Begin XCConfigurationList section */
		1DEB928508733DD80010E9CD /* Build configuration list for PBXNativeTarget "SMCP" */ = {
			isa = XCConfigurationList;
			buildConfigurations = (
				1DEB928608733DD80010E9CD /* Debug */,
				1DEB928708733DD80010E9CD /* Release */,
			);
			defaultConfigurationIsVisible = 0;
			defaultConfigurationName = Release;
		};
		1DEB928908733DD80010E9CD /* Build configuration list for PBXProject "SMCP" */ = {
			isa = XCConfigurationList;
			buildConfigurations = (
				1DEB928A08733DD80010E9CD /* Debug */,
				1DEB928B08733DD80010E9CD /* Release */,
			);
			defaultConfigurationIsVisible = 0;
			defaultConfigurationName = Release;
		};
/* End XCConfigurationList section */
	};
	rootObject = 08FB7793FE84155DC02AAC07 /* Project object */;
}
