// !$*UTF8*$!
{
	archiveVersion = 1;
	classes = {
	};
	objectVersion = 46;
	objects = {

/* Begin PBXBuildFile section */
		8DD76FB00486AB0100D96B5E /* smcpctl.1 in CopyFiles */ = {isa = PBXBuildFile; fileRef = C6A0FF2C0290799A04C91782 /* smcpctl.1 */; };
		A63B1EBA125FC4E900BF2543 /* libreadline.dylib in Frameworks */ = {isa = PBXBuildFile; fileRef = A63B1EB9125FC4E900BF2543 /* libreadline.dylib */; settings = {ATTRIBUTES = (Weak, ); }; };
		A63EA6DA1278B13800B24867 /* cmd_get.c in Sources */ = {isa = PBXBuildFile; fileRef = A63EA6CD1278B13800B24867 /* cmd_get.c */; };
		A63EA6DB1278B13800B24867 /* cmd_list.c in Sources */ = {isa = PBXBuildFile; fileRef = A63EA6CF1278B13800B24867 /* cmd_list.c */; };
		A63EA6DC1278B13800B24867 /* cmd_pair.c in Sources */ = {isa = PBXBuildFile; fileRef = A63EA6D11278B13800B24867 /* cmd_pair.c */; };
		A63EA6DD1278B13800B24867 /* cmd_post.c in Sources */ = {isa = PBXBuildFile; fileRef = A63EA6D31278B13800B24867 /* cmd_post.c */; };
		A63EA6DE1278B13800B24867 /* cmd_test.c in Sources */ = {isa = PBXBuildFile; fileRef = A63EA6D51278B13800B24867 /* cmd_test.c */; };
		A63EA6DF1278B13800B24867 /* help.c in Sources */ = {isa = PBXBuildFile; fileRef = A63EA6D71278B13800B24867 /* help.c */; };
		A63EA6E01278B13800B24867 /* main.c in Sources */ = {isa = PBXBuildFile; fileRef = A63EA6D91278B13800B24867 /* main.c */; };
		A63EA6F91278B16D00B24867 /* btree.c in Sources */ = {isa = PBXBuildFile; fileRef = A63EA6E21278B16D00B24867 /* btree.c */; };
		A63EA6FA1278B16D00B24867 /* coap.c in Sources */ = {isa = PBXBuildFile; fileRef = A63EA6E41278B16D00B24867 /* coap.c */; };
		A63EA6FB1278B16D00B24867 /* smcp_node.c in Sources */ = {isa = PBXBuildFile; fileRef = A63EA6EA1278B16D00B24867 /* smcp_node.c */; };
		A63EA6FC1278B16D00B24867 /* smcp_pairing.c in Sources */ = {isa = PBXBuildFile; fileRef = A63EA6EC1278B16D00B24867 /* smcp_pairing.c */; };
		A63EA6FD1278B16D00B24867 /* smcp_timer_node.c in Sources */ = {isa = PBXBuildFile; fileRef = A63EA6EE1278B16D00B24867 /* smcp_timer_node.c */; };
		A63EA6FE1278B16D00B24867 /* smcp_timer.c in Sources */ = {isa = PBXBuildFile; fileRef = A63EA6F01278B16D00B24867 /* smcp_timer.c */; };
		A63EA6FF1278B16D00B24867 /* smcp_variable_node.c in Sources */ = {isa = PBXBuildFile; fileRef = A63EA6F21278B16D00B24867 /* smcp_variable_node.c */; };
		A63EA7001278B16D00B24867 /* smcp.c in Sources */ = {isa = PBXBuildFile; fileRef = A63EA6F41278B16D00B24867 /* smcp.c */; };
		A63EA7011278B16D00B24867 /* url-helpers.c in Sources */ = {isa = PBXBuildFile; fileRef = A63EA6F71278B16D00B24867 /* url-helpers.c */; };
		A63EB2891278CBB100B24867 /* cmd_repeat.c in Sources */ = {isa = PBXBuildFile; fileRef = A63EB2881278CBB100B24867 /* cmd_repeat.c */; };
		A65258371528F45300E389EC /* cmd_monitor.c in Sources */ = {isa = PBXBuildFile; fileRef = A65258361528F45300E389EC /* cmd_monitor.c */; };
		A6764692156474390074028C /* Makefile in Sources */ = {isa = PBXBuildFile; fileRef = A676468C156474380074028C /* Makefile */; };
		A6A27BA3127B934F003708DF /* cmd_delete.c in Sources */ = {isa = PBXBuildFile; fileRef = A6A27BA2127B934F003708DF /* cmd_delete.c */; };
		A6CD69621283466B00254A8B /* btree.c in Sources */ = {isa = PBXBuildFile; fileRef = A63EA6E21278B16D00B24867 /* btree.c */; };
		A6F536EE155F0E5200E0E324 /* smcp_curl_proxy.c in Sources */ = {isa = PBXBuildFile; fileRef = A6F536EC155F0E5200E0E324 /* smcp_curl_proxy.c */; };
		A6F536F1155F0EC700E0E324 /* libcurl.4.dylib in Frameworks */ = {isa = PBXBuildFile; fileRef = A6F536F0155F0EC600E0E324 /* libcurl.4.dylib */; settings = {ATTRIBUTES = (Weak, ); }; };
		A6F536F3155F255000E0E324 /* smcp_send.c in Sources */ = {isa = PBXBuildFile; fileRef = A6F536F2155F255000E0E324 /* smcp_send.c */; };
		A6F536F81561B7A600E0E324 /* smcp_list.c in Sources */ = {isa = PBXBuildFile; fileRef = A6F536F71561B7A600E0E324 /* smcp_list.c */; };
/* End PBXBuildFile section */

/* Begin PBXCopyFilesBuildPhase section */
		8DD76FAF0486AB0100D96B5E /* CopyFiles */ = {
			isa = PBXCopyFilesBuildPhase;
			buildActionMask = 8;
			dstPath = /usr/share/man/man1/;
			dstSubfolderSpec = 0;
			files = (
				8DD76FB00486AB0100D96B5E /* smcpctl.1 in CopyFiles */,
			);
			runOnlyForDeploymentPostprocessing = 1;
		};
/* End PBXCopyFilesBuildPhase section */

/* Begin PBXFileReference section */
		8DD76FB20486AB0100D96B5E /* smcpctl */ = {isa = PBXFileReference; explicitFileType = "compiled.mach-o.executable"; includeInIndex = 0; path = smcpctl; sourceTree = BUILT_PRODUCTS_DIR; };
		A63B1EB9125FC4E900BF2543 /* libreadline.dylib */ = {isa = PBXFileReference; lastKnownFileType = "compiled.mach-o.dylib"; name = libreadline.dylib; path = usr/lib/libreadline.dylib; sourceTree = SDKROOT; };
		A63EA6CD1278B13800B24867 /* cmd_get.c */ = {isa = PBXFileReference; fileEncoding = 4; lastKnownFileType = sourcecode.c.c; name = cmd_get.c; path = src/smcpctl/cmd_get.c; sourceTree = "<group>"; };
		A63EA6CE1278B13800B24867 /* cmd_get.h */ = {isa = PBXFileReference; fileEncoding = 4; lastKnownFileType = sourcecode.c.h; name = cmd_get.h; path = src/smcpctl/cmd_get.h; sourceTree = "<group>"; };
		A63EA6CF1278B13800B24867 /* cmd_list.c */ = {isa = PBXFileReference; fileEncoding = 4; lastKnownFileType = sourcecode.c.c; name = cmd_list.c; path = src/smcpctl/cmd_list.c; sourceTree = "<group>"; };
		A63EA6D01278B13800B24867 /* cmd_list.h */ = {isa = PBXFileReference; fileEncoding = 4; lastKnownFileType = sourcecode.c.h; name = cmd_list.h; path = src/smcpctl/cmd_list.h; sourceTree = "<group>"; };
		A63EA6D11278B13800B24867 /* cmd_pair.c */ = {isa = PBXFileReference; fileEncoding = 4; lastKnownFileType = sourcecode.c.c; name = cmd_pair.c; path = src/smcpctl/cmd_pair.c; sourceTree = "<group>"; };
		A63EA6D21278B13800B24867 /* cmd_pair.h */ = {isa = PBXFileReference; fileEncoding = 4; lastKnownFileType = sourcecode.c.h; name = cmd_pair.h; path = src/smcpctl/cmd_pair.h; sourceTree = "<group>"; };
		A63EA6D31278B13800B24867 /* cmd_post.c */ = {isa = PBXFileReference; fileEncoding = 4; lastKnownFileType = sourcecode.c.c; name = cmd_post.c; path = src/smcpctl/cmd_post.c; sourceTree = "<group>"; };
		A63EA6D41278B13800B24867 /* cmd_post.h */ = {isa = PBXFileReference; fileEncoding = 4; lastKnownFileType = sourcecode.c.h; name = cmd_post.h; path = src/smcpctl/cmd_post.h; sourceTree = "<group>"; };
		A63EA6D51278B13800B24867 /* cmd_test.c */ = {isa = PBXFileReference; fileEncoding = 4; lastKnownFileType = sourcecode.c.c; name = cmd_test.c; path = src/smcpctl/cmd_test.c; sourceTree = "<group>"; };
		A63EA6D61278B13800B24867 /* cmd_test.h */ = {isa = PBXFileReference; fileEncoding = 4; lastKnownFileType = sourcecode.c.h; name = cmd_test.h; path = src/smcpctl/cmd_test.h; sourceTree = "<group>"; };
		A63EA6D71278B13800B24867 /* help.c */ = {isa = PBXFileReference; fileEncoding = 4; lastKnownFileType = sourcecode.c.c; name = help.c; path = src/smcpctl/help.c; sourceTree = "<group>"; };
		A63EA6D81278B13800B24867 /* help.h */ = {isa = PBXFileReference; fileEncoding = 4; lastKnownFileType = sourcecode.c.h; name = help.h; path = src/smcpctl/help.h; sourceTree = "<group>"; };
		A63EA6D91278B13800B24867 /* main.c */ = {isa = PBXFileReference; fileEncoding = 4; lastKnownFileType = sourcecode.c.c; name = main.c; path = src/smcpctl/main.c; sourceTree = "<group>"; };
		A63EA6E11278B16D00B24867 /* assert_macros.h */ = {isa = PBXFileReference; fileEncoding = 4; lastKnownFileType = sourcecode.c.h; name = assert_macros.h; path = src/smcp/assert_macros.h; sourceTree = "<group>"; };
		A63EA6E21278B16D00B24867 /* btree.c */ = {isa = PBXFileReference; fileEncoding = 4; lastKnownFileType = sourcecode.c.c; name = btree.c; path = src/smcp/btree.c; sourceTree = "<group>"; };
		A63EA6E31278B16D00B24867 /* btree.h */ = {isa = PBXFileReference; fileEncoding = 4; lastKnownFileType = sourcecode.c.h; name = btree.h; path = src/smcp/btree.h; sourceTree = "<group>"; };
		A63EA6E41278B16D00B24867 /* coap.c */ = {isa = PBXFileReference; fileEncoding = 4; lastKnownFileType = sourcecode.c.c; name = coap.c; path = src/smcp/coap.c; sourceTree = "<group>"; };
		A63EA6E51278B16D00B24867 /* coap.h */ = {isa = PBXFileReference; fileEncoding = 4; lastKnownFileType = sourcecode.c.h; name = coap.h; path = src/smcp/coap.h; sourceTree = "<group>"; };
		A63EA6E61278B16D00B24867 /* ll.h */ = {isa = PBXFileReference; fileEncoding = 4; lastKnownFileType = sourcecode.c.h; name = ll.h; path = src/smcp/ll.h; sourceTree = "<group>"; };
		A63EA6E71278B16D00B24867 /* smcp_helpers.h */ = {isa = PBXFileReference; fileEncoding = 4; lastKnownFileType = sourcecode.c.h; name = smcp_helpers.h; path = src/smcp/smcp_helpers.h; sourceTree = "<group>"; };
		A63EA6E81278B16D00B24867 /* smcp_internal.h */ = {isa = PBXFileReference; fileEncoding = 4; lastKnownFileType = sourcecode.c.h; name = smcp_internal.h; path = src/smcp/smcp_internal.h; sourceTree = "<group>"; };
		A63EA6E91278B16D00B24867 /* smcp_logging.h */ = {isa = PBXFileReference; fileEncoding = 4; lastKnownFileType = sourcecode.c.h; name = smcp_logging.h; path = src/smcp/smcp_logging.h; sourceTree = "<group>"; };
		A63EA6EA1278B16D00B24867 /* smcp_node.c */ = {isa = PBXFileReference; fileEncoding = 4; lastKnownFileType = sourcecode.c.c; name = smcp_node.c; path = src/smcp/smcp_node.c; sourceTree = "<group>"; };
		A63EA6EB1278B16D00B24867 /* smcp_node.h */ = {isa = PBXFileReference; fileEncoding = 4; lastKnownFileType = sourcecode.c.h; name = smcp_node.h; path = src/smcp/smcp_node.h; sourceTree = "<group>"; };
		A63EA6EC1278B16D00B24867 /* smcp_pairing.c */ = {isa = PBXFileReference; fileEncoding = 4; lastKnownFileType = sourcecode.c.c; name = smcp_pairing.c; path = src/smcp/smcp_pairing.c; sourceTree = "<group>"; };
		A63EA6ED1278B16D00B24867 /* smcp_pairing.h */ = {isa = PBXFileReference; fileEncoding = 4; lastKnownFileType = sourcecode.c.h; name = smcp_pairing.h; path = src/smcp/smcp_pairing.h; sourceTree = "<group>"; };
		A63EA6EE1278B16D00B24867 /* smcp_timer_node.c */ = {isa = PBXFileReference; fileEncoding = 4; lastKnownFileType = sourcecode.c.c; name = smcp_timer_node.c; path = src/smcp/smcp_timer_node.c; sourceTree = "<group>"; };
		A63EA6EF1278B16D00B24867 /* smcp_timer_node.h */ = {isa = PBXFileReference; fileEncoding = 4; lastKnownFileType = sourcecode.c.h; name = smcp_timer_node.h; path = src/smcp/smcp_timer_node.h; sourceTree = "<group>"; };
		A63EA6F01278B16D00B24867 /* smcp_timer.c */ = {isa = PBXFileReference; fileEncoding = 4; lastKnownFileType = sourcecode.c.c; name = smcp_timer.c; path = src/smcp/smcp_timer.c; sourceTree = "<group>"; };
		A63EA6F11278B16D00B24867 /* smcp_timer.h */ = {isa = PBXFileReference; fileEncoding = 4; lastKnownFileType = sourcecode.c.h; name = smcp_timer.h; path = src/smcp/smcp_timer.h; sourceTree = "<group>"; };
		A63EA6F21278B16D00B24867 /* smcp_variable_node.c */ = {isa = PBXFileReference; fileEncoding = 4; lastKnownFileType = sourcecode.c.c; name = smcp_variable_node.c; path = src/smcp/smcp_variable_node.c; sourceTree = "<group>"; };
		A63EA6F31278B16D00B24867 /* smcp_variable_node.h */ = {isa = PBXFileReference; fileEncoding = 4; lastKnownFileType = sourcecode.c.h; name = smcp_variable_node.h; path = src/smcp/smcp_variable_node.h; sourceTree = "<group>"; };
		A63EA6F41278B16D00B24867 /* smcp.c */ = {isa = PBXFileReference; fileEncoding = 4; lastKnownFileType = sourcecode.c.c; name = smcp.c; path = src/smcp/smcp.c; sourceTree = "<group>"; };
		A63EA6F51278B16D00B24867 /* smcp.h */ = {isa = PBXFileReference; fileEncoding = 4; lastKnownFileType = sourcecode.c.h; name = smcp.h; path = src/smcp/smcp.h; sourceTree = "<group>"; };
		A63EA6F61278B16D00B24867 /* smcpctl.h */ = {isa = PBXFileReference; fileEncoding = 4; lastKnownFileType = sourcecode.c.h; name = smcpctl.h; path = src/smcpctl/smcpctl.h; sourceTree = "<group>"; };
		A63EA6F71278B16D00B24867 /* url-helpers.c */ = {isa = PBXFileReference; fileEncoding = 4; lastKnownFileType = sourcecode.c.c; name = "url-helpers.c"; path = "src/smcp/url-helpers.c"; sourceTree = "<group>"; };
		A63EA6F81278B16D00B24867 /* url-helpers.h */ = {isa = PBXFileReference; fileEncoding = 4; lastKnownFileType = sourcecode.c.h; name = "url-helpers.h"; path = "src/smcp/url-helpers.h"; sourceTree = "<group>"; };
		A63EB2871278CBB100B24867 /* cmd_repeat.h */ = {isa = PBXFileReference; fileEncoding = 4; lastKnownFileType = sourcecode.c.h; name = cmd_repeat.h; path = src/smcpctl/cmd_repeat.h; sourceTree = "<group>"; };
		A63EB2881278CBB100B24867 /* cmd_repeat.c */ = {isa = PBXFileReference; fileEncoding = 4; lastKnownFileType = sourcecode.c.c; name = cmd_repeat.c; path = src/smcpctl/cmd_repeat.c; sourceTree = "<group>"; };
		A65258361528F45300E389EC /* cmd_monitor.c */ = {isa = PBXFileReference; fileEncoding = 4; lastKnownFileType = sourcecode.c.c; name = cmd_monitor.c; path = src/smcpctl/cmd_monitor.c; sourceTree = "<group>"; };
		A65258391528F47C00E389EC /* cmd_monitor.h */ = {isa = PBXFileReference; lastKnownFileType = sourcecode.c.h; name = cmd_monitor.h; path = src/smcpctl/cmd_monitor.h; sourceTree = "<group>"; };
		A676468C156474380074028C /* Makefile */ = {isa = PBXFileReference; fileEncoding = 4; lastKnownFileType = sourcecode.make; path = Makefile; sourceTree = "<group>"; };
		A676468E156474380074028C /* smcp-test.c */ = {isa = PBXFileReference; fileEncoding = 4; lastKnownFileType = sourcecode.c.c; path = "smcp-test.c"; sourceTree = "<group>"; };
		A676468F156474380074028C /* Makefile.smcp */ = {isa = PBXFileReference; fileEncoding = 4; lastKnownFileType = text; path = Makefile.smcp; sourceTree = "<group>"; };
		A6764690156474380074028C /* smcp-task.c */ = {isa = PBXFileReference; fileEncoding = 4; lastKnownFileType = sourcecode.c.c; path = "smcp-task.c"; sourceTree = "<group>"; };
		A6764691156474380074028C /* smcp-task.h */ = {isa = PBXFileReference; fileEncoding = 4; lastKnownFileType = sourcecode.c.h; path = "smcp-task.h"; sourceTree = "<group>"; };
		A67646A9156479E50074028C /* Makefile */ = {isa = PBXFileReference; lastKnownFileType = sourcecode.make; path = Makefile; sourceTree = "<group>"; };
		A67646AA156479E50074028C /* smcp-simple.c */ = {isa = PBXFileReference; lastKnownFileType = sourcecode.c.c; path = "smcp-simple.c"; sourceTree = "<group>"; };
		A6A27BA1127B934F003708DF /* cmd_delete.h */ = {isa = PBXFileReference; fileEncoding = 4; lastKnownFileType = sourcecode.c.h; name = cmd_delete.h; path = src/smcpctl/cmd_delete.h; sourceTree = "<group>"; };
		A6A27BA2127B934F003708DF /* cmd_delete.c */ = {isa = PBXFileReference; fileEncoding = 4; lastKnownFileType = sourcecode.c.c; name = cmd_delete.c; path = src/smcpctl/cmd_delete.c; sourceTree = "<group>"; };
		A6CD695D1283463900254A8B /* btreetest */ = {isa = PBXFileReference; explicitFileType = "compiled.mach-o.executable"; includeInIndex = 0; path = btreetest; sourceTree = BUILT_PRODUCTS_DIR; };
		A6F536EC155F0E5200E0E324 /* smcp_curl_proxy.c */ = {isa = PBXFileReference; fileEncoding = 4; lastKnownFileType = sourcecode.c.c; name = smcp_curl_proxy.c; path = src/smcp/smcp_curl_proxy.c; sourceTree = "<group>"; };
		A6F536ED155F0E5200E0E324 /* smcp_curl_proxy.h */ = {isa = PBXFileReference; fileEncoding = 4; lastKnownFileType = sourcecode.c.h; name = smcp_curl_proxy.h; path = src/smcp/smcp_curl_proxy.h; sourceTree = "<group>"; };
		A6F536F0155F0EC600E0E324 /* libcurl.4.dylib */ = {isa = PBXFileReference; lastKnownFileType = "compiled.mach-o.dylib"; name = libcurl.4.dylib; path = ../../../../usr/lib/libcurl.4.dylib; sourceTree = "<group>"; };
		A6F536F2155F255000E0E324 /* smcp_send.c */ = {isa = PBXFileReference; fileEncoding = 4; lastKnownFileType = sourcecode.c.c; name = smcp_send.c; path = src/smcp/smcp_send.c; sourceTree = "<group>"; };
		A6F536F41561809B00E0E324 /* fifo.h */ = {isa = PBXFileReference; lastKnownFileType = sourcecode.c.h; name = fifo.h; path = src/smcp/fifo.h; sourceTree = "<group>"; };
		A6F536F71561B7A600E0E324 /* smcp_list.c */ = {isa = PBXFileReference; fileEncoding = 4; lastKnownFileType = sourcecode.c.c; name = smcp_list.c; path = src/smcp/smcp_list.c; sourceTree = "<group>"; };
		C6A0FF2C0290799A04C91782 /* smcpctl.1 */ = {isa = PBXFileReference; lastKnownFileType = text.man; path = smcpctl.1; sourceTree = "<group>"; };
/* End PBXFileReference section */

/* Begin PBXFrameworksBuildPhase section */
		8DD76FAD0486AB0100D96B5E /* Frameworks */ = {
			isa = PBXFrameworksBuildPhase;
			buildActionMask = 2147483647;
			files = (
				A6F536F1155F0EC700E0E324 /* libcurl.4.dylib in Frameworks */,
				A63B1EBA125FC4E900BF2543 /* libreadline.dylib in Frameworks */,
			);
			runOnlyForDeploymentPostprocessing = 0;
		};
		A6CD695B1283463900254A8B /* Frameworks */ = {
			isa = PBXFrameworksBuildPhase;
			buildActionMask = 2147483647;
			files = (
			);
			runOnlyForDeploymentPostprocessing = 0;
		};
/* End PBXFrameworksBuildPhase section */

/* Begin PBXGroup section */
		08FB7794FE84155DC02AAC07 /* SHAP */ = {
			isa = PBXGroup;
			children = (
				A6C6C483121B2EE200CAB3A3 /* Tool Source */,
				08FB7795FE84155DC02AAC07 /* Source */,
				A6764685156474380074028C /* contiki-src */,
				C6A0FF2B0290797F04C91782 /* Documentation */,
				1AB674ADFE9D54B511CA2CBB /* Products */,
				A63B1EB9125FC4E900BF2543 /* libreadline.dylib */,
				A6F536F0155F0EC600E0E324 /* libcurl.4.dylib */,
			);
			name = SHAP;
			sourceTree = "<group>";
		};
		08FB7795FE84155DC02AAC07 /* Source */ = {
			isa = PBXGroup;
			children = (
				A60D0DB312795ADF00C04B8C /* Utils */,
				A63EA6F41278B16D00B24867 /* smcp.c */,
				A6F536F71561B7A600E0E324 /* smcp_list.c */,
				A6F536F2155F255000E0E324 /* smcp_send.c */,
				A63EA6F51278B16D00B24867 /* smcp.h */,
				A63EA6E81278B16D00B24867 /* smcp_internal.h */,
				A63EA6E41278B16D00B24867 /* coap.c */,
				A63EA6E51278B16D00B24867 /* coap.h */,
				A63EA6E91278B16D00B24867 /* smcp_logging.h */,
				A63EA6EA1278B16D00B24867 /* smcp_node.c */,
				A63EA6EB1278B16D00B24867 /* smcp_node.h */,
				A63EA6F01278B16D00B24867 /* smcp_timer.c */,
				A63EA6F11278B16D00B24867 /* smcp_timer.h */,
				A63EA6EC1278B16D00B24867 /* smcp_pairing.c */,
				A63EA6ED1278B16D00B24867 /* smcp_pairing.h */,
				A63EA6EE1278B16D00B24867 /* smcp_timer_node.c */,
				A63EA6EF1278B16D00B24867 /* smcp_timer_node.h */,
				A63EA6F21278B16D00B24867 /* smcp_variable_node.c */,
				A63EA6F31278B16D00B24867 /* smcp_variable_node.h */,
				A6F536EC155F0E5200E0E324 /* smcp_curl_proxy.c */,
				A6F536ED155F0E5200E0E324 /* smcp_curl_proxy.h */,
			);
			name = Source;
			sourceTree = "<group>";
		};
		1AB674ADFE9D54B511CA2CBB /* Products */ = {
			isa = PBXGroup;
			children = (
				8DD76FB20486AB0100D96B5E /* smcpctl */,
				A6CD695D1283463900254A8B /* btreetest */,
			);
			name = Products;
			sourceTree = "<group>";
		};
		A60D0DB312795ADF00C04B8C /* Utils */ = {
			isa = PBXGroup;
			children = (
				A63EA6E11278B16D00B24867 /* assert_macros.h */,
				A63EA6E21278B16D00B24867 /* btree.c */,
				A63EA6E31278B16D00B24867 /* btree.h */,
				A63EA6E61278B16D00B24867 /* ll.h */,
				A63EA6E71278B16D00B24867 /* smcp_helpers.h */,
				A63EA6F71278B16D00B24867 /* url-helpers.c */,
				A63EA6F81278B16D00B24867 /* url-helpers.h */,
				A6F536F41561809B00E0E324 /* fifo.h */,
			);
			name = Utils;
			sourceTree = "<group>";
		};
		A6764685156474380074028C /* contiki-src */ = {
			isa = PBXGroup;
			children = (
				A6764689156474380074028C /* examples */,
				A676468F156474380074028C /* Makefile.smcp */,
				A6764690156474380074028C /* smcp-task.c */,
				A6764691156474380074028C /* smcp-task.h */,
			);
			path = "contiki-src";
			sourceTree = "<group>";
		};
		A6764689156474380074028C /* examples */ = {
			isa = PBXGroup;
			children = (
				A67646A8156479E50074028C /* smcp-simple */,
				A676468A156474380074028C /* smcp-test */,
			);
			path = examples;
			sourceTree = "<group>";
		};
		A676468A156474380074028C /* smcp-test */ = {
			isa = PBXGroup;
			children = (
				A676468C156474380074028C /* Makefile */,
				A676468E156474380074028C /* smcp-test.c */,
			);
			path = "smcp-test";
			sourceTree = "<group>";
		};
		A67646A8156479E50074028C /* smcp-simple */ = {
			isa = PBXGroup;
			children = (
				A67646A9156479E50074028C /* Makefile */,
				A67646AA156479E50074028C /* smcp-simple.c */,
			);
			path = "smcp-simple";
			sourceTree = "<group>";
		};
		A6C6C483121B2EE200CAB3A3 /* Tool Source */ = {
			isa = PBXGroup;
			children = (
				A63EA6CD1278B13800B24867 /* cmd_get.c */,
				A63EA6CE1278B13800B24867 /* cmd_get.h */,
				A63EA6CF1278B13800B24867 /* cmd_list.c */,
				A63EA6D01278B13800B24867 /* cmd_list.h */,
				A6A27BA1127B934F003708DF /* cmd_delete.h */,
				A6A27BA2127B934F003708DF /* cmd_delete.c */,
				A63EA6D11278B13800B24867 /* cmd_pair.c */,
				A63EA6D21278B13800B24867 /* cmd_pair.h */,
				A63EA6D31278B13800B24867 /* cmd_post.c */,
				A63EA6D41278B13800B24867 /* cmd_post.h */,
				A63EA6D51278B13800B24867 /* cmd_test.c */,
				A63EA6D61278B13800B24867 /* cmd_test.h */,
				A63EB2871278CBB100B24867 /* cmd_repeat.h */,
				A63EB2881278CBB100B24867 /* cmd_repeat.c */,
				A65258361528F45300E389EC /* cmd_monitor.c */,
				A65258391528F47C00E389EC /* cmd_monitor.h */,
				A63EA6D71278B13800B24867 /* help.c */,
				A63EA6D81278B13800B24867 /* help.h */,
				A63EA6D91278B13800B24867 /* main.c */,
				A63EA6F61278B16D00B24867 /* smcpctl.h */,
			);
			name = "Tool Source";
			sourceTree = "<group>";
		};
		C6A0FF2B0290797F04C91782 /* Documentation */ = {
			isa = PBXGroup;
			children = (
				C6A0FF2C0290799A04C91782 /* smcpctl.1 */,
			);
			name = Documentation;
			sourceTree = "<group>";
		};
/* End PBXGroup section */

/* Begin PBXNativeTarget section */
		8DD76FA90486AB0100D96B5E /* smcpctl */ = {
			isa = PBXNativeTarget;
			buildConfigurationList = 1DEB928508733DD80010E9CD /* Build configuration list for PBXNativeTarget "smcpctl" */;
			buildPhases = (
				8DD76FAB0486AB0100D96B5E /* Sources */,
				8DD76FAD0486AB0100D96B5E /* Frameworks */,
				8DD76FAF0486AB0100D96B5E /* CopyFiles */,
			);
			buildRules = (
			);
			dependencies = (
			);
			name = smcpctl;
			productInstallPath = "$(HOME)/bin";
			productName = SHAP;
			productReference = 8DD76FB20486AB0100D96B5E /* smcpctl */;
			productType = "com.apple.product-type.tool";
		};
		A6CD695C1283463900254A8B /* btreetest */ = {
			isa = PBXNativeTarget;
			buildConfigurationList = A6CD69611283465700254A8B /* Build configuration list for PBXNativeTarget "btreetest" */;
			buildPhases = (
				A6CD695A1283463900254A8B /* Sources */,
				A6CD695B1283463900254A8B /* Frameworks */,
			);
			buildRules = (
			);
			dependencies = (
			);
			name = btreetest;
			productName = btreetest;
			productReference = A6CD695D1283463900254A8B /* btreetest */;
			productType = "com.apple.product-type.tool";
		};
/* End PBXNativeTarget section */

/* Begin PBXProject section */
		08FB7793FE84155DC02AAC07 /* Project object */ = {
			isa = PBXProject;
			attributes = {
				LastUpgradeCheck = 0430;
				ORGANIZATIONNAME = deepdarc;
			};
			buildConfigurationList = 1DEB928908733DD80010E9CD /* Build configuration list for PBXProject "SMCP" */;
			compatibilityVersion = "Xcode 3.2";
			developmentRegion = English;
			hasScannedForEncodings = 1;
			knownRegions = (
				English,
				Japanese,
				French,
				German,
			);
			mainGroup = 08FB7794FE84155DC02AAC07 /* SHAP */;
			projectDirPath = "";
			projectRoot = "";
			targets = (
				8DD76FA90486AB0100D96B5E /* smcpctl */,
				A6CD695C1283463900254A8B /* btreetest */,
			);
		};
/* End PBXProject section */

/* Begin PBXSourcesBuildPhase section */
		8DD76FAB0486AB0100D96B5E /* Sources */ = {
			isa = PBXSourcesBuildPhase;
			buildActionMask = 2147483647;
			files = (
				A63EA6DA1278B13800B24867 /* cmd_get.c in Sources */,
				A63EA6DB1278B13800B24867 /* cmd_list.c in Sources */,
				A63EA6DC1278B13800B24867 /* cmd_pair.c in Sources */,
				A63EA6DD1278B13800B24867 /* cmd_post.c in Sources */,
				A63EA6DE1278B13800B24867 /* cmd_test.c in Sources */,
				A63EA6DF1278B13800B24867 /* help.c in Sources */,
				A63EA6E01278B13800B24867 /* main.c in Sources */,
				A63EA6F91278B16D00B24867 /* btree.c in Sources */,
				A63EA6FA1278B16D00B24867 /* coap.c in Sources */,
				A63EA6FB1278B16D00B24867 /* smcp_node.c in Sources */,
				A63EA6FC1278B16D00B24867 /* smcp_pairing.c in Sources */,
				A63EA6FD1278B16D00B24867 /* smcp_timer_node.c in Sources */,
				A63EA6FE1278B16D00B24867 /* smcp_timer.c in Sources */,
				A63EA6FF1278B16D00B24867 /* smcp_variable_node.c in Sources */,
				A63EA7001278B16D00B24867 /* smcp.c in Sources */,
				A63EA7011278B16D00B24867 /* url-helpers.c in Sources */,
				A63EB2891278CBB100B24867 /* cmd_repeat.c in Sources */,
				A6A27BA3127B934F003708DF /* cmd_delete.c in Sources */,
				A65258371528F45300E389EC /* cmd_monitor.c in Sources */,
				A6F536EE155F0E5200E0E324 /* smcp_curl_proxy.c in Sources */,
				A6F536F3155F255000E0E324 /* smcp_send.c in Sources */,
				A6F536F81561B7A600E0E324 /* smcp_list.c in Sources */,
				A6764692156474390074028C /* Makefile in Sources */,
			);
			runOnlyForDeploymentPostprocessing = 0;
		};
		A6CD695A1283463900254A8B /* Sources */ = {
			isa = PBXSourcesBuildPhase;
			buildActionMask = 2147483647;
			files = (
				A6CD69621283466B00254A8B /* btree.c in Sources */,
			);
			runOnlyForDeploymentPostprocessing = 0;
		};
/* End PBXSourcesBuildPhase section */

/* Begin XCBuildConfiguration section */
		1DEB928608733DD80010E9CD /* Debug */ = {
			isa = XCBuildConfiguration;
			buildSettings = {
				ALWAYS_SEARCH_USER_PATHS = NO;
				COPY_PHASE_STRIP = NO;
				GCC_DYNAMIC_NO_PIC = NO;
				GCC_MODEL_TUNING = G5;
				GCC_OPTIMIZATION_LEVEL = 0;
				GCC_PREPROCESSOR_DEFINITIONS = (
					"HAS_LIBCURL=1",
					"HAS_LIBREADLINE=1",
				);
				INSTALL_PATH = /usr/local/bin;
				PRODUCT_NAME = smcpctl;
			};
			name = Debug;
		};
		1DEB928708733DD80010E9CD /* Release */ = {
			isa = XCBuildConfiguration;
			buildSettings = {
				ALWAYS_SEARCH_USER_PATHS = NO;
				DEBUG_INFORMATION_FORMAT = "dwarf-with-dsym";
				GCC_MODEL_TUNING = G5;
				GCC_PREPROCESSOR_DEFINITIONS = (
					"HAS_LIBCURL=1",
					"HAS_LIBREADLINE=1",
				);
				INSTALL_PATH = /usr/local/bin;
				PRODUCT_NAME = smcpctl;
			};
			name = Release;
		};
		1DEB928A08733DD80010E9CD /* Debug */ = {
			isa = XCBuildConfiguration;
			buildSettings = {
				ARCHS = "$(ARCHS_STANDARD_32_64_BIT)";
				GCC_C_LANGUAGE_STANDARD = gnu99;
				GCC_OPTIMIZATION_LEVEL = 0;
				GCC_WARN_ABOUT_RETURN_TYPE = YES;
				GCC_WARN_MISSING_PARENTHESES = YES;
				GCC_WARN_SIGN_COMPARE = YES;
				GCC_WARN_UNUSED_FUNCTION = YES;
				GCC_WARN_UNUSED_VALUE = YES;
				GCC_WARN_UNUSED_VARIABLE = YES;
				HEADER_SEARCH_PATHS = (
					"${inherited}",
					src,
				);
				ONLY_ACTIVE_ARCH = YES;
				SDKROOT = "";
			};
			name = Debug;
		};
		1DEB928B08733DD80010E9CD /* Release */ = {
			isa = XCBuildConfiguration;
			buildSettings = {
				ARCHS = "$(ARCHS_STANDARD_32_64_BIT)";
				GCC_C_LANGUAGE_STANDARD = gnu99;
				GCC_WARN_ABOUT_RETURN_TYPE = YES;
				GCC_WARN_MISSING_PARENTHESES = YES;
				GCC_WARN_SIGN_COMPARE = YES;
				GCC_WARN_UNINITIALIZED_AUTOS = YES;
				GCC_WARN_UNUSED_FUNCTION = YES;
				GCC_WARN_UNUSED_VALUE = YES;
				GCC_WARN_UNUSED_VARIABLE = YES;
				HEADER_SEARCH_PATHS = (
					"${inherited}",
					src,
				);
				SDKROOT = "";
			};
			name = Release;
		};
		A6CD695F1283463900254A8B /* Debug */ = {
			isa = XCBuildConfiguration;
			buildSettings = {
				ALWAYS_SEARCH_USER_PATHS = NO;
				COPY_PHASE_STRIP = NO;
				GCC_DYNAMIC_NO_PIC = NO;
				GCC_MODEL_TUNING = G5;
				GCC_OPTIMIZATION_LEVEL = 0;
				GCC_PREPROCESSOR_DEFINITIONS = "BTREE_SELF_TEST=1";
				INSTALL_PATH = /usr/local/bin;
				OTHER_LDFLAGS = (
					"-framework",
					Foundation,
					"-framework",
					AppKit,
				);
				PRODUCT_NAME = btreetest;
			};
			name = Debug;
		};
		A6CD69601283463900254A8B /* Release */ = {
			isa = XCBuildConfiguration;
			buildSettings = {
				ALWAYS_SEARCH_USER_PATHS = NO;
				COPY_PHASE_STRIP = YES;
				DEBUG_INFORMATION_FORMAT = "dwarf-with-dsym";
				GCC_MODEL_TUNING = G5;
				GCC_PREPROCESSOR_DEFINITIONS = "BTREE_SELF_TEST=1";
				INSTALL_PATH = /usr/local/bin;
				OTHER_LDFLAGS = (
					"-framework",
					Foundation,
					"-framework",
					AppKit,
				);
				PRODUCT_NAME = btreetest;
				ZERO_LINK = NO;
			};
			name = Release;
		};
/* End XCBuildConfiguration section */

/* Begin XCConfigurationList section */
		1DEB928508733DD80010E9CD /* Build configuration list for PBXNativeTarget "smcpctl" */ = {
			isa = XCConfigurationList;
			buildConfigurations = (
				1DEB928608733DD80010E9CD /* Debug */,
				1DEB928708733DD80010E9CD /* Release */,
			);
			defaultConfigurationIsVisible = 0;
			defaultConfigurationName = Release;
		};
		1DEB928908733DD80010E9CD /* Build configuration list for PBXProject "SMCP" */ = {
			isa = XCConfigurationList;
			buildConfigurations = (
				1DEB928A08733DD80010E9CD /* Debug */,
				1DEB928B08733DD80010E9CD /* Release */,
			);
			defaultConfigurationIsVisible = 0;
			defaultConfigurationName = Release;
		};
		A6CD69611283465700254A8B /* Build configuration list for PBXNativeTarget "btreetest" */ = {
			isa = XCConfigurationList;
			buildConfigurations = (
				A6CD695F1283463900254A8B /* Debug */,
				A6CD69601283463900254A8B /* Release */,
			);
			defaultConfigurationIsVisible = 0;
			defaultConfigurationName = Release;
		};
/* End XCConfigurationList section */
	};
	rootObject = 08FB7793FE84155DC02AAC07 /* Project object */;
}
